
Microsoft Visual Studio Solution File, Format Version 12.00
Project("{FAE04EC0-301F-11D3-BF4B-00C04F79EFBC}") = "Kirilanatur", "Kirilanatur.csproj", "{893F271A-7E9E-4586-9261-5654B4F14958}"
EndProject
Global
	GlobalSection(SolutionConfigurationPlatforms) = preSolution
		Debug|Any CPU = Debug|Any CPU
		Release|Any CPU = Release|Any CPU
	EndGlobalSection
	GlobalSection(ProjectConfigurationPlatforms) = postSolution
		{893F271A-7E9E-4586-9261-5654B4F14958}.Debug|Any CPU.ActiveCfg = Debug|Any CPU
		{893F271A-7E9E-4586-9261-5654B4F14958}.Debug|Any CPU.Build.0 = Debug|Any CPU
		{893F271A-7E9E-4586-9261-5654B4F14958}.Release|Any CPU.ActiveCfg = Release|Any CPU
		{893F271A-7E9E-4586-9261-5654B4F14958}.Release|Any CPU.Build.0 = Release|Any CPU
	EndGlobalSection
EndGlobal
