
Microsoft Visual Studio Solution File, Format Version 12.00
# Visual Studio Version 17
VisualStudioVersion = 17.10.35027.167
MinimumVisualStudioVersion = 10.0.40219.1
Project("{FAE04EC0-301F-11D3-BF4B-00C04F79EFBC}") = "Kirilanatur.Server", "Kirilanatur.Server\Kirilanatur.Server.csproj", "{3A33F4CC-DE27-4FB8-9DAB-1A7191A7B7AF}"
EndProject
Project("{54A90642-561A-4BB1-A94E-469ADEE60C69}") = "kirilanatur.client", "kirilanatur.client\kirilanatur.client.esproj", "{D3CA8A8E-7090-4F46-AAB4-08406242963D}"
EndProject
Global
	GlobalSection(SolutionConfigurationPlatforms) = preSolution
		Debug|Any CPU = Debug|Any CPU
		Release|Any CPU = Release|Any CPU
	EndGlobalSection
	GlobalSection(ProjectConfigurationPlatforms) = postSolution
		{3A33F4CC-DE27-4FB8-9DAB-1A7191A7B7AF}.Debug|Any CPU.ActiveCfg = Debug|Any CPU
		{3A33F4CC-DE27-4FB8-9DAB-1A7191A7B7AF}.Debug|Any CPU.Build.0 = Debug|Any CPU
		{3A33F4CC-DE27-4FB8-9DAB-1A7191A7B7AF}.Release|Any CPU.ActiveCfg = Release|Any CPU
		{3A33F4CC-DE27-4FB8-9DAB-1A7191A7B7AF}.Release|Any CPU.Build.0 = Release|Any CPU
		{D3CA8A8E-7090-4F46-AAB4-08406242963D}.Debug|Any CPU.ActiveCfg = Debug|Any CPU
		{D3CA8A8E-7090-4F46-AAB4-08406242963D}.Debug|Any CPU.Build.0 = Debug|Any CPU
		{D3CA8A8E-7090-4F46-AAB4-08406242963D}.Debug|Any CPU.Deploy.0 = Debug|Any CPU
		{D3CA8A8E-7090-4F46-AAB4-08406242963D}.Release|Any CPU.ActiveCfg = Release|Any CPU
		{D3CA8A8E-7090-4F46-AAB4-08406242963D}.Release|Any CPU.Build.0 = Release|Any CPU
		{D3CA8A8E-7090-4F46-AAB4-08406242963D}.Release|Any CPU.Deploy.0 = Release|Any CPU
	EndGlobalSection
	GlobalSection(SolutionProperties) = preSolution
		HideSolutionNode = FALSE
	EndGlobalSection
	GlobalSection(ExtensibilityGlobals) = postSolution
		SolutionGuid = {293C6CDB-8684-414A-B255-5BDDB81E475E}
	EndGlobalSection
EndGlobal
